// !$*UTF8*$!
{
	archiveVersion = 1;
	classes = {
	};
	objectVersion = 50;
	objects = {

/* Begin PBXBuildFile section */
		5D3F11ED23BA5CC700AAB407 /* AppDelegate.swift in Sources */ = {isa = PBXBuildFile; fileRef = 5D3F11EC23BA5CC700AAB407 /* AppDelegate.swift */; };
		5D3F11EF23BA5CC700AAB407 /* SceneDelegate.swift in Sources */ = {isa = PBXBuildFile; fileRef = 5D3F11EE23BA5CC700AAB407 /* SceneDelegate.swift */; };
		5D3F11F423BA5CC700AAB407 /* Main.storyboard in Resources */ = {isa = PBXBuildFile; fileRef = 5D3F11F223BA5CC700AAB407 /* Main.storyboard */; };
		5D3F11F723BA5CC700AAB407 /* SpotifyClone.xcdatamodeld in Sources */ = {isa = PBXBuildFile; fileRef = 5D3F11F523BA5CC700AAB407 /* SpotifyClone.xcdatamodeld */; };
		5D3F11F923BA5CC800AAB407 /* Assets.xcassets in Resources */ = {isa = PBXBuildFile; fileRef = 5D3F11F823BA5CC800AAB407 /* Assets.xcassets */; };
		5D3F11FC23BA5CC800AAB407 /* LaunchScreen.storyboard in Resources */ = {isa = PBXBuildFile; fileRef = 5D3F11FA23BA5CC800AAB407 /* LaunchScreen.storyboard */; };
		5D3F120723BA5CC900AAB407 /* SpotifyCloneTests.swift in Sources */ = {isa = PBXBuildFile; fileRef = 5D3F120623BA5CC900AAB407 /* SpotifyCloneTests.swift */; };
		5D3F121223BA5CC900AAB407 /* SpotifyCloneUITests.swift in Sources */ = {isa = PBXBuildFile; fileRef = 5D3F121123BA5CC900AAB407 /* SpotifyCloneUITests.swift */; };
		5DB7E21723BDD116002F9F42 /* PlayerContainerView.swift in Sources */ = {isa = PBXBuildFile; fileRef = 5DB7E21623BDD116002F9F42 /* PlayerContainerView.swift */; };
		5DB7E21923BDD1A8002F9F42 /* HomeViewController.swift in Sources */ = {isa = PBXBuildFile; fileRef = 5DB7E21823BDD1A8002F9F42 /* HomeViewController.swift */; };
		5DB7E21C23BDF86B002F9F42 /* RecentlyPlayed.swift in Sources */ = {isa = PBXBuildFile; fileRef = 5DB7E21B23BDF86B002F9F42 /* RecentlyPlayed.swift */; };
		5DB7E21F23BE030F002F9F42 /* HeavyRotationCell.swift in Sources */ = {isa = PBXBuildFile; fileRef = 5DB7E21E23BE030F002F9F42 /* HeavyRotationCell.swift */; };
		5DB7E22123BE0684002F9F42 /* HomeViewModel.swift in Sources */ = {isa = PBXBuildFile; fileRef = 5DB7E22023BE0684002F9F42 /* HomeViewModel.swift */; };
		5DB7E22423BE129B002F9F42 /* CommonEnums.swift in Sources */ = {isa = PBXBuildFile; fileRef = 5DB7E22323BE129B002F9F42 /* CommonEnums.swift */; };
		5DB7E22623BE1300002F9F42 /* MusicCategory.swift in Sources */ = {isa = PBXBuildFile; fileRef = 5DB7E22523BE1300002F9F42 /* MusicCategory.swift */; };
		5DB7E22923BE189C002F9F42 /* MadeForYou.swift in Sources */ = {isa = PBXBuildFile; fileRef = 5DB7E22823BE189C002F9F42 /* MadeForYou.swift */; };
		5DB7E22C23BE1B4D002F9F42 /* TrackDetailsViewController.swift in Sources */ = {isa = PBXBuildFile; fileRef = 5DB7E22B23BE1B4D002F9F42 /* TrackDetailsViewController.swift */; };
		5DEC2F7523BC7E260043BB86 /* WebServices.swift in Sources */ = {isa = PBXBuildFile; fileRef = 5DEC2F7423BC7E260043BB86 /* WebServices.swift */; };
		5DEC2F7823BC7E750043BB86 /* AppConst.swift in Sources */ = {isa = PBXBuildFile; fileRef = 5DEC2F7723BC7E750043BB86 /* AppConst.swift */; };
		5DEC2F7A23BC7EA30043BB86 /* View+Extensions.swift in Sources */ = {isa = PBXBuildFile; fileRef = 5DEC2F7923BC7EA30043BB86 /* View+Extensions.swift */; };
		5DEC2F7C23BC7EBC0043BB86 /* Color+Extensions.swift in Sources */ = {isa = PBXBuildFile; fileRef = 5DEC2F7B23BC7EBC0043BB86 /* Color+Extensions.swift */; };
		5DEC2F8123BC7F080043BB86 /* Button+Extensions.swift in Sources */ = {isa = PBXBuildFile; fileRef = 5DEC2F8023BC7F080043BB86 /* Button+Extensions.swift */; };
		5DEC2F8423BC7F470043BB86 /* WebImageView.swift in Sources */ = {isa = PBXBuildFile; fileRef = 5DEC2F8323BC7F470043BB86 /* WebImageView.swift */; };
		5DEC2F8623BC80AD0043BB86 /* CollectionBaseCell.swift in Sources */ = {isa = PBXBuildFile; fileRef = 5DEC2F8523BC80AD0043BB86 /* CollectionBaseCell.swift */; };
/* End PBXBuildFile section */

/* Begin PBXContainerItemProxy section */
		5D3F120323BA5CC900AAB407 /* PBXContainerItemProxy */ = {
			isa = PBXContainerItemProxy;
			containerPortal = 5D3F11E123BA5CC700AAB407 /* Project object */;
			proxyType = 1;
			remoteGlobalIDString = 5D3F11E823BA5CC700AAB407;
			remoteInfo = SpotifyClone;
		};
		5D3F120E23BA5CC900AAB407 /* PBXContainerItemProxy */ = {
			isa = PBXContainerItemProxy;
			containerPortal = 5D3F11E123BA5CC700AAB407 /* Project object */;
			proxyType = 1;
			remoteGlobalIDString = 5D3F11E823BA5CC700AAB407;
			remoteInfo = SpotifyClone;
		};
/* End PBXContainerItemProxy section */

/* Begin PBXFileReference section */
		5D3F11E923BA5CC700AAB407 /* SpotifyClone.app */ = {isa = PBXFileReference; explicitFileType = wrapper.application; includeInIndex = 0; path = SpotifyClone.app; sourceTree = BUILT_PRODUCTS_DIR; };
		5D3F11EC23BA5CC700AAB407 /* AppDelegate.swift */ = {isa = PBXFileReference; lastKnownFileType = sourcecode.swift; path = AppDelegate.swift; sourceTree = "<group>"; };
		5D3F11EE23BA5CC700AAB407 /* SceneDelegate.swift */ = {isa = PBXFileReference; lastKnownFileType = sourcecode.swift; path = SceneDelegate.swift; sourceTree = "<group>"; };
		5D3F11F323BA5CC700AAB407 /* Base */ = {isa = PBXFileReference; lastKnownFileType = file.storyboard; name = Base; path = Base.lproj/Main.storyboard; sourceTree = "<group>"; };
		5D3F11F623BA5CC700AAB407 /* SpotifyClone.xcdatamodel */ = {isa = PBXFileReference; lastKnownFileType = wrapper.xcdatamodel; path = SpotifyClone.xcdatamodel; sourceTree = "<group>"; };
		5D3F11F823BA5CC800AAB407 /* Assets.xcassets */ = {isa = PBXFileReference; lastKnownFileType = folder.assetcatalog; path = Assets.xcassets; sourceTree = "<group>"; };
		5D3F11FB23BA5CC800AAB407 /* Base */ = {isa = PBXFileReference; lastKnownFileType = file.storyboard; name = Base; path = Base.lproj/LaunchScreen.storyboard; sourceTree = "<group>"; };
		5D3F11FD23BA5CC800AAB407 /* Info.plist */ = {isa = PBXFileReference; lastKnownFileType = text.plist.xml; path = Info.plist; sourceTree = "<group>"; };
		5D3F120223BA5CC900AAB407 /* SpotifyCloneTests.xctest */ = {isa = PBXFileReference; explicitFileType = wrapper.cfbundle; includeInIndex = 0; path = SpotifyCloneTests.xctest; sourceTree = BUILT_PRODUCTS_DIR; };
		5D3F120623BA5CC900AAB407 /* SpotifyCloneTests.swift */ = {isa = PBXFileReference; lastKnownFileType = sourcecode.swift; path = SpotifyCloneTests.swift; sourceTree = "<group>"; };
		5D3F120823BA5CC900AAB407 /* Info.plist */ = {isa = PBXFileReference; lastKnownFileType = text.plist.xml; path = Info.plist; sourceTree = "<group>"; };
		5D3F120D23BA5CC900AAB407 /* SpotifyCloneUITests.xctest */ = {isa = PBXFileReference; explicitFileType = wrapper.cfbundle; includeInIndex = 0; path = SpotifyCloneUITests.xctest; sourceTree = BUILT_PRODUCTS_DIR; };
		5D3F121123BA5CC900AAB407 /* SpotifyCloneUITests.swift */ = {isa = PBXFileReference; lastKnownFileType = sourcecode.swift; path = SpotifyCloneUITests.swift; sourceTree = "<group>"; };
		5D3F121323BA5CC900AAB407 /* Info.plist */ = {isa = PBXFileReference; lastKnownFileType = text.plist.xml; path = Info.plist; sourceTree = "<group>"; };
		5DB7E21623BDD116002F9F42 /* PlayerContainerView.swift */ = {isa = PBXFileReference; lastKnownFileType = sourcecode.swift; path = PlayerContainerView.swift; sourceTree = "<group>"; };
		5DB7E21823BDD1A8002F9F42 /* HomeViewController.swift */ = {isa = PBXFileReference; lastKnownFileType = sourcecode.swift; path = HomeViewController.swift; sourceTree = "<group>"; };
		5DB7E21B23BDF86B002F9F42 /* RecentlyPlayed.swift */ = {isa = PBXFileReference; lastKnownFileType = sourcecode.swift; path = RecentlyPlayed.swift; sourceTree = "<group>"; };
		5DB7E21E23BE030F002F9F42 /* HeavyRotationCell.swift */ = {isa = PBXFileReference; lastKnownFileType = sourcecode.swift; path = HeavyRotationCell.swift; sourceTree = "<group>"; };
		5DB7E22023BE0684002F9F42 /* HomeViewModel.swift */ = {isa = PBXFileReference; lastKnownFileType = sourcecode.swift; path = HomeViewModel.swift; sourceTree = "<group>"; };
		5DB7E22323BE129B002F9F42 /* CommonEnums.swift */ = {isa = PBXFileReference; lastKnownFileType = sourcecode.swift; path = CommonEnums.swift; sourceTree = "<group>"; };
		5DB7E22523BE1300002F9F42 /* MusicCategory.swift */ = {isa = PBXFileReference; lastKnownFileType = sourcecode.swift; path = MusicCategory.swift; sourceTree = "<group>"; };
		5DB7E22823BE189C002F9F42 /* MadeForYou.swift */ = {isa = PBXFileReference; lastKnownFileType = sourcecode.swift; path = MadeForYou.swift; sourceTree = "<group>"; };
		5DB7E22B23BE1B4D002F9F42 /* TrackDetailsViewController.swift */ = {isa = PBXFileReference; lastKnownFileType = sourcecode.swift; path = TrackDetailsViewController.swift; sourceTree = "<group>"; };
		5DEC2F7423BC7E260043BB86 /* WebServices.swift */ = {isa = PBXFileReference; lastKnownFileType = sourcecode.swift; path = WebServices.swift; sourceTree = "<group>"; };
		5DEC2F7723BC7E750043BB86 /* AppConst.swift */ = {isa = PBXFileReference; lastKnownFileType = sourcecode.swift; path = AppConst.swift; sourceTree = "<group>"; };
		5DEC2F7923BC7EA30043BB86 /* View+Extensions.swift */ = {isa = PBXFileReference; lastKnownFileType = sourcecode.swift; path = "View+Extensions.swift"; sourceTree = "<group>"; };
		5DEC2F7B23BC7EBC0043BB86 /* Color+Extensions.swift */ = {isa = PBXFileReference; lastKnownFileType = sourcecode.swift; path = "Color+Extensions.swift"; sourceTree = "<group>"; };
		5DEC2F8023BC7F080043BB86 /* Button+Extensions.swift */ = {isa = PBXFileReference; lastKnownFileType = sourcecode.swift; path = "Button+Extensions.swift"; sourceTree = "<group>"; };
		5DEC2F8323BC7F470043BB86 /* WebImageView.swift */ = {isa = PBXFileReference; lastKnownFileType = sourcecode.swift; path = WebImageView.swift; sourceTree = "<group>"; };
		5DEC2F8523BC80AD0043BB86 /* CollectionBaseCell.swift */ = {isa = PBXFileReference; lastKnownFileType = sourcecode.swift; path = CollectionBaseCell.swift; sourceTree = "<group>"; };
/* End PBXFileReference section */

/* Begin PBXFrameworksBuildPhase section */
		5D3F11E623BA5CC700AAB407 /* Frameworks */ = {
			isa = PBXFrameworksBuildPhase;
			buildActionMask = 2147483647;
			files = (
			);
			runOnlyForDeploymentPostprocessing = 0;
		};
		5D3F11FF23BA5CC900AAB407 /* Frameworks */ = {
			isa = PBXFrameworksBuildPhase;
			buildActionMask = 2147483647;
			files = (
			);
			runOnlyForDeploymentPostprocessing = 0;
		};
		5D3F120A23BA5CC900AAB407 /* Frameworks */ = {
			isa = PBXFrameworksBuildPhase;
			buildActionMask = 2147483647;
			files = (
			);
			runOnlyForDeploymentPostprocessing = 0;
		};
/* End PBXFrameworksBuildPhase section */

/* Begin PBXGroup section */
		5D3F11E023BA5CC700AAB407 = {
			isa = PBXGroup;
			children = (
				5D3F11EB23BA5CC700AAB407 /* SpotifyClone */,
				5D3F120523BA5CC900AAB407 /* SpotifyCloneTests */,
				5D3F121023BA5CC900AAB407 /* SpotifyCloneUITests */,
				5D3F11EA23BA5CC700AAB407 /* Products */,
			);
			sourceTree = "<group>";
		};
		5D3F11EA23BA5CC700AAB407 /* Products */ = {
			isa = PBXGroup;
			children = (
				5D3F11E923BA5CC700AAB407 /* SpotifyClone.app */,
				5D3F120223BA5CC900AAB407 /* SpotifyCloneTests.xctest */,
				5D3F120D23BA5CC900AAB407 /* SpotifyCloneUITests.xctest */,
			);
			name = Products;
			sourceTree = "<group>";
		};
		5D3F11EB23BA5CC700AAB407 /* SpotifyClone */ = {
			isa = PBXGroup;
			children = (
				5D3F11EC23BA5CC700AAB407 /* AppDelegate.swift */,
				5D3F11EE23BA5CC700AAB407 /* SceneDelegate.swift */,
				5DEC2F6A23BC7D850043BB86 /* Models */,
				5DEC2F6C23BC7D920043BB86 /* Views */,
				5DEC2F6B23BC7D8B0043BB86 /* ViewModels */,
				5DEC2F7023BC7DAE0043BB86 /* Assets */,
				5DEC2F6F23BC7DA70043BB86 /* Services */,
				5DEC2F6E23BC7DA10043BB86 /* Helpers */,
				5D3F11FD23BA5CC800AAB407 /* Info.plist */,
			);
			path = SpotifyClone;
			sourceTree = "<group>";
		};
		5D3F120523BA5CC900AAB407 /* SpotifyCloneTests */ = {
			isa = PBXGroup;
			children = (
				5D3F120623BA5CC900AAB407 /* SpotifyCloneTests.swift */,
				5D3F120823BA5CC900AAB407 /* Info.plist */,
			);
			path = SpotifyCloneTests;
			sourceTree = "<group>";
		};
		5D3F121023BA5CC900AAB407 /* SpotifyCloneUITests */ = {
			isa = PBXGroup;
			children = (
				5D3F121123BA5CC900AAB407 /* SpotifyCloneUITests.swift */,
				5D3F121323BA5CC900AAB407 /* Info.plist */,
			);
			path = SpotifyCloneUITests;
			sourceTree = "<group>";
		};
		5DB7E21523BDD0FB002F9F42 /* Home */ = {
			isa = PBXGroup;
			children = (
				5DB7E22723BE188A002F9F42 /* MadeForYou */,
				5DB7E21D23BE02EA002F9F42 /* HeavyRotation */,
				5DB7E21A23BDF849002F9F42 /* RecentlyPlayed */,
				5DB7E21823BDD1A8002F9F42 /* HomeViewController.swift */,
			);
			path = Home;
			sourceTree = "<group>";
		};
		5DB7E21A23BDF849002F9F42 /* RecentlyPlayed */ = {
			isa = PBXGroup;
			children = (
				5DB7E21B23BDF86B002F9F42 /* RecentlyPlayed.swift */,
			);
			path = RecentlyPlayed;
			sourceTree = "<group>";
		};
		5DB7E21D23BE02EA002F9F42 /* HeavyRotation */ = {
			isa = PBXGroup;
			children = (
				5DB7E21E23BE030F002F9F42 /* HeavyRotationCell.swift */,
			);
			path = HeavyRotation;
			sourceTree = "<group>";
		};
		5DB7E22223BE128E002F9F42 /* Enums */ = {
			isa = PBXGroup;
			children = (
				5DB7E22323BE129B002F9F42 /* CommonEnums.swift */,
			);
			path = Enums;
			sourceTree = "<group>";
		};
		5DB7E22723BE188A002F9F42 /* MadeForYou */ = {
			isa = PBXGroup;
			children = (
				5DB7E22823BE189C002F9F42 /* MadeForYou.swift */,
			);
			path = MadeForYou;
			sourceTree = "<group>";
		};
		5DB7E22A23BE1B1F002F9F42 /* TrackDetails */ = {
			isa = PBXGroup;
			children = (
				5DB7E22B23BE1B4D002F9F42 /* TrackDetailsViewController.swift */,
			);
			path = TrackDetails;
			sourceTree = "<group>";
		};
		5DEC2F6A23BC7D850043BB86 /* Models */ = {
			isa = PBXGroup;
			children = (
				5DB7E22523BE1300002F9F42 /* MusicCategory.swift */,
			);
			path = Models;
			sourceTree = "<group>";
		};
		5DEC2F6B23BC7D8B0043BB86 /* ViewModels */ = {
			isa = PBXGroup;
			children = (
				5DB7E22023BE0684002F9F42 /* HomeViewModel.swift */,
			);
			path = ViewModels;
			sourceTree = "<group>";
		};
		5DEC2F6C23BC7D920043BB86 /* Views */ = {
			isa = PBXGroup;
			children = (
				5DEC2F7323BC7DE50043BB86 /* Xibs */,
				5DEC2F7223BC7DD60043BB86 /* Stodyboards */,
				5DEC2F7123BC7DC90043BB86 /* Controllers */,
			);
			path = Views;
			sourceTree = "<group>";
		};
		5DEC2F6D23BC7D980043BB86 /* Extensions */ = {
			isa = PBXGroup;
			children = (
				5DEC2F7923BC7EA30043BB86 /* View+Extensions.swift */,
				5DEC2F7B23BC7EBC0043BB86 /* Color+Extensions.swift */,
				5DEC2F8023BC7F080043BB86 /* Button+Extensions.swift */,
			);
			path = Extensions;
			sourceTree = "<group>";
		};
		5DEC2F6E23BC7DA10043BB86 /* Helpers */ = {
			isa = PBXGroup;
			children = (
				5DB7E22223BE128E002F9F42 /* Enums */,
				5DEC2F8223BC7F2A0043BB86 /* Classes */,
				5DEC2F6D23BC7D980043BB86 /* Extensions */,
				5DEC2F7623BC7E670043BB86 /* AppConst */,
			);
			path = Helpers;
			sourceTree = "<group>";
		};
		5DEC2F6F23BC7DA70043BB86 /* Services */ = {
			isa = PBXGroup;
			children = (
				5DEC2F7423BC7E260043BB86 /* WebServices.swift */,
			);
			path = Services;
			sourceTree = "<group>";
		};
		5DEC2F7023BC7DAE0043BB86 /* Assets */ = {
			isa = PBXGroup;
			children = (
				5D3F11F823BA5CC800AAB407 /* Assets.xcassets */,
				5D3F11FA23BA5CC800AAB407 /* LaunchScreen.storyboard */,
				5D3F11F523BA5CC700AAB407 /* SpotifyClone.xcdatamodeld */,
			);
			path = Assets;
			sourceTree = "<group>";
		};
		5DEC2F7123BC7DC90043BB86 /* Controllers */ = {
			isa = PBXGroup;
			children = (
				5DB7E22A23BE1B1F002F9F42 /* TrackDetails */,
				5DB7E21623BDD116002F9F42 /* PlayerContainerView.swift */,
				5DB7E21523BDD0FB002F9F42 /* Home */,
			);
			path = Controllers;
			sourceTree = "<group>";
		};
		5DEC2F7223BC7DD60043BB86 /* Stodyboards */ = {
			isa = PBXGroup;
			children = (
				5D3F11F223BA5CC700AAB407 /* Main.storyboard */,
			);
			path = Stodyboards;
			sourceTree = "<group>";
		};
		5DEC2F7323BC7DE50043BB86 /* Xibs */ = {
			isa = PBXGroup;
			children = (
			);
			path = Xibs;
			sourceTree = "<group>";
		};
		5DEC2F7623BC7E670043BB86 /* AppConst */ = {
			isa = PBXGroup;
			children = (
				5DEC2F7723BC7E750043BB86 /* AppConst.swift */,
			);
			path = AppConst;
			sourceTree = "<group>";
		};
		5DEC2F8223BC7F2A0043BB86 /* Classes */ = {
			isa = PBXGroup;
			children = (
				5DEC2F8323BC7F470043BB86 /* WebImageView.swift */,
				5DEC2F8523BC80AD0043BB86 /* CollectionBaseCell.swift */,
			);
			path = Classes;
			sourceTree = "<group>";
		};
/* End PBXGroup section */

/* Begin PBXNativeTarget section */
		5D3F11E823BA5CC700AAB407 /* SpotifyClone */ = {
			isa = PBXNativeTarget;
			buildConfigurationList = 5D3F121623BA5CC900AAB407 /* Build configuration list for PBXNativeTarget "SpotifyClone" */;
			buildPhases = (
				5D3F11E523BA5CC700AAB407 /* Sources */,
				5D3F11E623BA5CC700AAB407 /* Frameworks */,
				5D3F11E723BA5CC700AAB407 /* Resources */,
			);
			buildRules = (
			);
			dependencies = (
			);
			name = SpotifyClone;
			productName = SpotifyClone;
			productReference = 5D3F11E923BA5CC700AAB407 /* SpotifyClone.app */;
			productType = "com.apple.product-type.application";
		};
		5D3F120123BA5CC900AAB407 /* SpotifyCloneTests */ = {
			isa = PBXNativeTarget;
			buildConfigurationList = 5D3F121923BA5CC900AAB407 /* Build configuration list for PBXNativeTarget "SpotifyCloneTests" */;
			buildPhases = (
				5D3F11FE23BA5CC900AAB407 /* Sources */,
				5D3F11FF23BA5CC900AAB407 /* Frameworks */,
				5D3F120023BA5CC900AAB407 /* Resources */,
			);
			buildRules = (
			);
			dependencies = (
				5D3F120423BA5CC900AAB407 /* PBXTargetDependency */,
			);
			name = SpotifyCloneTests;
			productName = SpotifyCloneTests;
			productReference = 5D3F120223BA5CC900AAB407 /* SpotifyCloneTests.xctest */;
			productType = "com.apple.product-type.bundle.unit-test";
		};
		5D3F120C23BA5CC900AAB407 /* SpotifyCloneUITests */ = {
			isa = PBXNativeTarget;
			buildConfigurationList = 5D3F121C23BA5CC900AAB407 /* Build configuration list for PBXNativeTarget "SpotifyCloneUITests" */;
			buildPhases = (
				5D3F120923BA5CC900AAB407 /* Sources */,
				5D3F120A23BA5CC900AAB407 /* Frameworks */,
				5D3F120B23BA5CC900AAB407 /* Resources */,
			);
			buildRules = (
			);
			dependencies = (
				5D3F120F23BA5CC900AAB407 /* PBXTargetDependency */,
			);
			name = SpotifyCloneUITests;
			productName = SpotifyCloneUITests;
			productReference = 5D3F120D23BA5CC900AAB407 /* SpotifyCloneUITests.xctest */;
			productType = "com.apple.product-type.bundle.ui-testing";
		};
/* End PBXNativeTarget section */

/* Begin PBXProject section */
		5D3F11E123BA5CC700AAB407 /* Project object */ = {
			isa = PBXProject;
			attributes = {
				LastSwiftUpdateCheck = 1110;
				LastUpgradeCheck = 1110;
				ORGANIZATIONNAME = "JAYANTA GOGOI";
				TargetAttributes = {
					5D3F11E823BA5CC700AAB407 = {
						CreatedOnToolsVersion = 11.1;
					};
					5D3F120123BA5CC900AAB407 = {
						CreatedOnToolsVersion = 11.1;
						TestTargetID = 5D3F11E823BA5CC700AAB407;
					};
					5D3F120C23BA5CC900AAB407 = {
						CreatedOnToolsVersion = 11.1;
						TestTargetID = 5D3F11E823BA5CC700AAB407;
					};
				};
			};
			buildConfigurationList = 5D3F11E423BA5CC700AAB407 /* Build configuration list for PBXProject "SpotifyClone" */;
			compatibilityVersion = "Xcode 9.3";
			developmentRegion = en;
			hasScannedForEncodings = 0;
			knownRegions = (
				en,
				Base,
			);
			mainGroup = 5D3F11E023BA5CC700AAB407;
			productRefGroup = 5D3F11EA23BA5CC700AAB407 /* Products */;
			projectDirPath = "";
			projectRoot = "";
			targets = (
				5D3F11E823BA5CC700AAB407 /* SpotifyClone */,
				5D3F120123BA5CC900AAB407 /* SpotifyCloneTests */,
				5D3F120C23BA5CC900AAB407 /* SpotifyCloneUITests */,
			);
		};
/* End PBXProject section */

/* Begin PBXResourcesBuildPhase section */
		5D3F11E723BA5CC700AAB407 /* Resources */ = {
			isa = PBXResourcesBuildPhase;
			buildActionMask = 2147483647;
			files = (
				5D3F11FC23BA5CC800AAB407 /* LaunchScreen.storyboard in Resources */,
				5D3F11F923BA5CC800AAB407 /* Assets.xcassets in Resources */,
				5D3F11F423BA5CC700AAB407 /* Main.storyboard in Resources */,
			);
			runOnlyForDeploymentPostprocessing = 0;
		};
		5D3F120023BA5CC900AAB407 /* Resources */ = {
			isa = PBXResourcesBuildPhase;
			buildActionMask = 2147483647;
			files = (
			);
			runOnlyForDeploymentPostprocessing = 0;
		};
		5D3F120B23BA5CC900AAB407 /* Resources */ = {
			isa = PBXResourcesBuildPhase;
			buildActionMask = 2147483647;
			files = (
			);
			runOnlyForDeploymentPostprocessing = 0;
		};
/* End PBXResourcesBuildPhase section */

/* Begin PBXSourcesBuildPhase section */
		5D3F11E523BA5CC700AAB407 /* Sources */ = {
			isa = PBXSourcesBuildPhase;
			buildActionMask = 2147483647;
			files = (
				5D3F11F723BA5CC700AAB407 /* SpotifyClone.xcdatamodeld in Sources */,
				5DB7E21C23BDF86B002F9F42 /* RecentlyPlayed.swift in Sources */,
				5DB7E22623BE1300002F9F42 /* MusicCategory.swift in Sources */,
				5DEC2F7A23BC7EA30043BB86 /* View+Extensions.swift in Sources */,
				5DB7E22923BE189C002F9F42 /* MadeForYou.swift in Sources */,
				5DEC2F8623BC80AD0043BB86 /* CollectionBaseCell.swift in Sources */,
				5DB7E22C23BE1B4D002F9F42 /* TrackDetailsViewController.swift in Sources */,
				5DEC2F8123BC7F080043BB86 /* Button+Extensions.swift in Sources */,
				5DEC2F8423BC7F470043BB86 /* WebImageView.swift in Sources */,
				5DEC2F7523BC7E260043BB86 /* WebServices.swift in Sources */,
				5DB7E21F23BE030F002F9F42 /* HeavyRotationCell.swift in Sources */,
				5DB7E21723BDD116002F9F42 /* PlayerContainerView.swift in Sources */,
				5DEC2F7823BC7E750043BB86 /* AppConst.swift in Sources */,
				5D3F11ED23BA5CC700AAB407 /* AppDelegate.swift in Sources */,
				5D3F11EF23BA5CC700AAB407 /* SceneDelegate.swift in Sources */,
				5DB7E21923BDD1A8002F9F42 /* HomeViewController.swift in Sources */,
				5DB7E22423BE129B002F9F42 /* CommonEnums.swift in Sources */,
				5DB7E22123BE0684002F9F42 /* HomeViewModel.swift in Sources */,
				5DEC2F7C23BC7EBC0043BB86 /* Color+Extensions.swift in Sources */,
			);
			runOnlyForDeploymentPostprocessing = 0;
		};
		5D3F11FE23BA5CC900AAB407 /* Sources */ = {
			isa = PBXSourcesBuildPhase;
			buildActionMask = 2147483647;
			files = (
				5D3F120723BA5CC900AAB407 /* SpotifyCloneTests.swift in Sources */,
			);
			runOnlyForDeploymentPostprocessing = 0;
		};
		5D3F120923BA5CC900AAB407 /* Sources */ = {
			isa = PBXSourcesBuildPhase;
			buildActionMask = 2147483647;
			files = (
				5D3F121223BA5CC900AAB407 /* SpotifyCloneUITests.swift in Sources */,
			);
			runOnlyForDeploymentPostprocessing = 0;
		};
/* End PBXSourcesBuildPhase section */

/* Begin PBXTargetDependency section */
		5D3F120423BA5CC900AAB407 /* PBXTargetDependency */ = {
			isa = PBXTargetDependency;
			target = 5D3F11E823BA5CC700AAB407 /* SpotifyClone */;
			targetProxy = 5D3F120323BA5CC900AAB407 /* PBXContainerItemProxy */;
		};
		5D3F120F23BA5CC900AAB407 /* PBXTargetDependency */ = {
			isa = PBXTargetDependency;
			target = 5D3F11E823BA5CC700AAB407 /* SpotifyClone */;
			targetProxy = 5D3F120E23BA5CC900AAB407 /* PBXContainerItemProxy */;
		};
/* End PBXTargetDependency section */

/* Begin PBXVariantGroup section */
		5D3F11F223BA5CC700AAB407 /* Main.storyboard */ = {
			isa = PBXVariantGroup;
			children = (
				5D3F11F323BA5CC700AAB407 /* Base */,
			);
			name = Main.storyboard;
			sourceTree = "<group>";
		};
		5D3F11FA23BA5CC800AAB407 /* LaunchScreen.storyboard */ = {
			isa = PBXVariantGroup;
			children = (
				5D3F11FB23BA5CC800AAB407 /* Base */,
			);
			name = LaunchScreen.storyboard;
			sourceTree = "<group>";
		};
/* End PBXVariantGroup section */

/* Begin XCBuildConfiguration section */
		5D3F121423BA5CC900AAB407 /* Debug */ = {
			isa = XCBuildConfiguration;
			buildSettings = {
				ALWAYS_SEARCH_USER_PATHS = NO;
				CLANG_ANALYZER_NONNULL = YES;
				CLANG_ANALYZER_NUMBER_OBJECT_CONVERSION = YES_AGGRESSIVE;
				CLANG_CXX_LANGUAGE_STANDARD = "gnu++14";
				CLANG_CXX_LIBRARY = "libc++";
				CLANG_ENABLE_MODULES = YES;
				CLANG_ENABLE_OBJC_ARC = YES;
				CLANG_ENABLE_OBJC_WEAK = YES;
				CLANG_WARN_BLOCK_CAPTURE_AUTORELEASING = YES;
				CLANG_WARN_BOOL_CONVERSION = YES;
				CLANG_WARN_COMMA = YES;
				CLANG_WARN_CONSTANT_CONVERSION = YES;
				CLANG_WARN_DEPRECATED_OBJC_IMPLEMENTATIONS = YES;
				CLANG_WARN_DIRECT_OBJC_ISA_USAGE = YES_ERROR;
				CLANG_WARN_DOCUMENTATION_COMMENTS = YES;
				CLANG_WARN_EMPTY_BODY = YES;
				CLANG_WARN_ENUM_CONVERSION = YES;
				CLANG_WARN_INFINITE_RECURSION = YES;
				CLANG_WARN_INT_CONVERSION = YES;
				CLANG_WARN_NON_LITERAL_NULL_CONVERSION = YES;
				CLANG_WARN_OBJC_IMPLICIT_RETAIN_SELF = YES;
				CLANG_WARN_OBJC_LITERAL_CONVERSION = YES;
				CLANG_WARN_OBJC_ROOT_CLASS = YES_ERROR;
				CLANG_WARN_RANGE_LOOP_ANALYSIS = YES;
				CLANG_WARN_STRICT_PROTOTYPES = YES;
				CLANG_WARN_SUSPICIOUS_MOVE = YES;
				CLANG_WARN_UNGUARDED_AVAILABILITY = YES_AGGRESSIVE;
				CLANG_WARN_UNREACHABLE_CODE = YES;
				CLANG_WARN__DUPLICATE_METHOD_MATCH = YES;
				COPY_PHASE_STRIP = NO;
				DEBUG_INFORMATION_FORMAT = dwarf;
				ENABLE_STRICT_OBJC_MSGSEND = YES;
				ENABLE_TESTABILITY = YES;
				GCC_C_LANGUAGE_STANDARD = gnu11;
				GCC_DYNAMIC_NO_PIC = NO;
				GCC_NO_COMMON_BLOCKS = YES;
				GCC_OPTIMIZATION_LEVEL = 0;
				GCC_PREPROCESSOR_DEFINITIONS = (
					"DEBUG=1",
					"$(inherited)",
				);
				GCC_WARN_64_TO_32_BIT_CONVERSION = YES;
				GCC_WARN_ABOUT_RETURN_TYPE = YES_ERROR;
				GCC_WARN_UNDECLARED_SELECTOR = YES;
				GCC_WARN_UNINITIALIZED_AUTOS = YES_AGGRESSIVE;
				GCC_WARN_UNUSED_FUNCTION = YES;
				GCC_WARN_UNUSED_VARIABLE = YES;
				IPHONEOS_DEPLOYMENT_TARGET = 13.1;
				MTL_ENABLE_DEBUG_INFO = INCLUDE_SOURCE;
				MTL_FAST_MATH = YES;
				ONLY_ACTIVE_ARCH = YES;
				SDKROOT = iphoneos;
				SWIFT_ACTIVE_COMPILATION_CONDITIONS = DEBUG;
				SWIFT_OPTIMIZATION_LEVEL = "-Onone";
			};
			name = Debug;
		};
		5D3F121523BA5CC900AAB407 /* Release */ = {
			isa = XCBuildConfiguration;
			buildSettings = {
				ALWAYS_SEARCH_USER_PATHS = NO;
				CLANG_ANALYZER_NONNULL = YES;
				CLANG_ANALYZER_NUMBER_OBJECT_CONVERSION = YES_AGGRESSIVE;
				CLANG_CXX_LANGUAGE_STANDARD = "gnu++14";
				CLANG_CXX_LIBRARY = "libc++";
				CLANG_ENABLE_MODULES = YES;
				CLANG_ENABLE_OBJC_ARC = YES;
				CLANG_ENABLE_OBJC_WEAK = YES;
				CLANG_WARN_BLOCK_CAPTURE_AUTORELEASING = YES;
				CLANG_WARN_BOOL_CONVERSION = YES;
				CLANG_WARN_COMMA = YES;
				CLANG_WARN_CONSTANT_CONVERSION = YES;
				CLANG_WARN_DEPRECATED_OBJC_IMPLEMENTATIONS = YES;
				CLANG_WARN_DIRECT_OBJC_ISA_USAGE = YES_ERROR;
				CLANG_WARN_DOCUMENTATION_COMMENTS = YES;
				CLANG_WARN_EMPTY_BODY = YES;
				CLANG_WARN_ENUM_CONVERSION = YES;
				CLANG_WARN_INFINITE_RECURSION = YES;
				CLANG_WARN_INT_CONVERSION = YES;
				CLANG_WARN_NON_LITERAL_NULL_CONVERSION = YES;
				CLANG_WARN_OBJC_IMPLICIT_RETAIN_SELF = YES;
				CLANG_WARN_OBJC_LITERAL_CONVERSION = YES;
				CLANG_WARN_OBJC_ROOT_CLASS = YES_ERROR;
				CLANG_WARN_RANGE_LOOP_ANALYSIS = YES;
				CLANG_WARN_STRICT_PROTOTYPES = YES;
				CLANG_WARN_SUSPICIOUS_MOVE = YES;
				CLANG_WARN_UNGUARDED_AVAILABILITY = YES_AGGRESSIVE;
				CLANG_WARN_UNREACHABLE_CODE = YES;
				CLANG_WARN__DUPLICATE_METHOD_MATCH = YES;
				COPY_PHASE_STRIP = NO;
				DEBUG_INFORMATION_FORMAT = "dwarf-with-dsym";
				ENABLE_NS_ASSERTIONS = NO;
				ENABLE_STRICT_OBJC_MSGSEND = YES;
				GCC_C_LANGUAGE_STANDARD = gnu11;
				GCC_NO_COMMON_BLOCKS = YES;
				GCC_WARN_64_TO_32_BIT_CONVERSION = YES;
				GCC_WARN_ABOUT_RETURN_TYPE = YES_ERROR;
				GCC_WARN_UNDECLARED_SELECTOR = YES;
				GCC_WARN_UNINITIALIZED_AUTOS = YES_AGGRESSIVE;
				GCC_WARN_UNUSED_FUNCTION = YES;
				GCC_WARN_UNUSED_VARIABLE = YES;
				IPHONEOS_DEPLOYMENT_TARGET = 13.1;
				MTL_ENABLE_DEBUG_INFO = NO;
				MTL_FAST_MATH = YES;
				SDKROOT = iphoneos;
				SWIFT_COMPILATION_MODE = wholemodule;
				SWIFT_OPTIMIZATION_LEVEL = "-O";
				VALIDATE_PRODUCT = YES;
			};
			name = Release;
		};
		5D3F121723BA5CC900AAB407 /* Debug */ = {
			isa = XCBuildConfiguration;
			buildSettings = {
				ASSETCATALOG_COMPILER_APPICON_NAME = AppIcon;
				CODE_SIGN_STYLE = Automatic;
				INFOPLIST_FILE = SpotifyClone/Info.plist;
				LD_RUNPATH_SEARCH_PATHS = (
					"$(inherited)",
					"@executable_path/Frameworks",
				);
				PRODUCT_BUNDLE_IDENTIFIER = com.jayantagogoi.SpotifyClone;
				PRODUCT_NAME = "$(TARGET_NAME)";
				SWIFT_VERSION = 5.0;
				TARGETED_DEVICE_FAMILY = "1,2";
			};
			name = Debug;
		};
		5D3F121823BA5CC900AAB407 /* Release */ = {
			isa = XCBuildConfiguration;
			buildSettings = {
				ASSETCATALOG_COMPILER_APPICON_NAME = AppIcon;
				CODE_SIGN_STYLE = Automatic;
				INFOPLIST_FILE = SpotifyClone/Info.plist;
				LD_RUNPATH_SEARCH_PATHS = (
					"$(inherited)",
					"@executable_path/Frameworks",
				);
				PRODUCT_BUNDLE_IDENTIFIER = com.jayantagogoi.SpotifyClone;
				PRODUCT_NAME = "$(TARGET_NAME)";
				SWIFT_VERSION = 5.0;
				TARGETED_DEVICE_FAMILY = "1,2";
			};
			name = Release;
		};
		5D3F121A23BA5CC900AAB407 /* Debug */ = {
			isa = XCBuildConfiguration;
			buildSettings = {
				ALWAYS_EMBED_SWIFT_STANDARD_LIBRARIES = YES;
				BUNDLE_LOADER = "$(TEST_HOST)";
				CODE_SIGN_STYLE = Automatic;
				INFOPLIST_FILE = SpotifyCloneTests/Info.plist;
				IPHONEOS_DEPLOYMENT_TARGET = 13.1;
				LD_RUNPATH_SEARCH_PATHS = (
					"$(inherited)",
					"@executable_path/Frameworks",
					"@loader_path/Frameworks",
				);
				PRODUCT_BUNDLE_IDENTIFIER = com.jayantagogoi.SpotifyCloneTests;
				PRODUCT_NAME = "$(TARGET_NAME)";
				SWIFT_VERSION = 5.0;
				TARGETED_DEVICE_FAMILY = "1,2";
				TEST_HOST = "$(BUILT_PRODUCTS_DIR)/SpotifyClone.app/SpotifyClone";
			};
			name = Debug;
		};
		5D3F121B23BA5CC900AAB407 /* Release */ = {
			isa = XCBuildConfiguration;
			buildSettings = {
				ALWAYS_EMBED_SWIFT_STANDARD_LIBRARIES = YES;
				BUNDLE_LOADER = "$(TEST_HOST)";
				CODE_SIGN_STYLE = Automatic;
				INFOPLIST_FILE = SpotifyCloneTests/Info.plist;
				IPHONEOS_DEPLOYMENT_TARGET = 13.1;
				LD_RUNPATH_SEARCH_PATHS = (
					"$(inherited)",
					"@executable_path/Frameworks",
					"@loader_path/Frameworks",
				);
				PRODUCT_BUNDLE_IDENTIFIER = com.jayantagogoi.SpotifyCloneTests;
				PRODUCT_NAME = "$(TARGET_NAME)";
				SWIFT_VERSION = 5.0;
				TARGETED_DEVICE_FAMILY = "1,2";
				TEST_HOST = "$(BUILT_PRODUCTS_DIR)/SpotifyClone.app/SpotifyClone";
			};
			name = Release;
		};
		5D3F121D23BA5CC900AAB407 /* Debug */ = {
			isa = XCBuildConfiguration;
			buildSettings = {
				ALWAYS_EMBED_SWIFT_STANDARD_LIBRARIES = YES;
				CODE_SIGN_STYLE = Automatic;
				INFOPLIST_FILE = SpotifyCloneUITests/Info.plist;
				LD_RUNPATH_SEARCH_PATHS = (
					"$(inherited)",
					"@executable_path/Frameworks",
					"@loader_path/Frameworks",
				);
				PRODUCT_BUNDLE_IDENTIFIER = com.jayantagogoi.SpotifyCloneUITests;
				PRODUCT_NAME = "$(TARGET_NAME)";
				SWIFT_VERSION = 5.0;
				TARGETED_DEVICE_FAMILY = "1,2";
				TEST_TARGET_NAME = SpotifyClone;
			};
			name = Debug;
		};
		5D3F121E23BA5CC900AAB407 /* Release */ = {
			isa = XCBuildConfiguration;
			buildSettings = {
				ALWAYS_EMBED_SWIFT_STANDARD_LIBRARIES = YES;
				CODE_SIGN_STYLE = Automatic;
				INFOPLIST_FILE = SpotifyCloneUITests/Info.plist;
				LD_RUNPATH_SEARCH_PATHS = (
					"$(inherited)",
					"@executable_path/Frameworks",
					"@loader_path/Frameworks",
				);
				PRODUCT_BUNDLE_IDENTIFIER = com.jayantagogoi.SpotifyCloneUITests;
				PRODUCT_NAME = "$(TARGET_NAME)";
				SWIFT_VERSION = 5.0;
				TARGETED_DEVICE_FAMILY = "1,2";
				TEST_TARGET_NAME = SpotifyClone;
			};
			name = Release;
		};
/* End XCBuildConfiguration section */

/* Begin XCConfigurationList section */
		5D3F11E423BA5CC700AAB407 /* Build configuration list for PBXProject "SpotifyClone" */ = {
			isa = XCConfigurationList;
			buildConfigurations = (
				5D3F121423BA5CC900AAB407 /* Debug */,
				5D3F121523BA5CC900AAB407 /* Release */,
			);
			defaultConfigurationIsVisible = 0;
			defaultConfigurationName = Release;
		};
		5D3F121623BA5CC900AAB407 /* Build configuration list for PBXNativeTarget "SpotifyClone" */ = {
			isa = XCConfigurationList;
			buildConfigurations = (
				5D3F121723BA5CC900AAB407 /* Debug */,
				5D3F121823BA5CC900AAB407 /* Release */,
			);
			defaultConfigurationIsVisible = 0;
			defaultConfigurationName = Release;
		};
		5D3F121923BA5CC900AAB407 /* Build configuration list for PBXNativeTarget "SpotifyCloneTests" */ = {
			isa = XCConfigurationList;
			buildConfigurations = (
				5D3F121A23BA5CC900AAB407 /* Debug */,
				5D3F121B23BA5CC900AAB407 /* Release */,
			);
			defaultConfigurationIsVisible = 0;
			defaultConfigurationName = Release;
		};
		5D3F121C23BA5CC900AAB407 /* Build configuration list for PBXNativeTarget "SpotifyCloneUITests" */ = {
			isa = XCConfigurationList;
			buildConfigurations = (
				5D3F121D23BA5CC900AAB407 /* Debug */,
				5D3F121E23BA5CC900AAB407 /* Release */,
			);
			defaultConfigurationIsVisible = 0;
			defaultConfigurationName = Release;
		};
/* End XCConfigurationList section */

/* Begin XCVersionGroup section */
		5D3F11F523BA5CC700AAB407 /* SpotifyClone.xcdatamodeld */ = {
			isa = XCVersionGroup;
			children = (
				5D3F11F623BA5CC700AAB407 /* SpotifyClone.xcdatamodel */,
			);
			currentVersion = 5D3F11F623BA5CC700AAB407 /* SpotifyClone.xcdatamodel */;
			path = SpotifyClone.xcdatamodeld;
			sourceTree = "<group>";
			versionGroupType = wrapper.xcdatamodel;
		};
/* End XCVersionGroup section */
	};
	rootObject = 5D3F11E123BA5CC700AAB407 /* Project object */;
}
